
Microsoft Visual Studio Solution File, Format Version 12.00
# Visual Studio Version 17
VisualStudioVersion = 17.2.32630.192
MinimumVisualStudioVersion = 10.0.40219.1
Project("{FAE04EC0-301F-11D3-BF4B-00C04F79EFBC}") = "XPowerIoTHandler", "XPowerIoTHandler\XPowerIoTHandler.csproj", "{6031C1EF-E474-4DE7-A06C-0FD5AF9BB9FE}"
EndProject
Global
	GlobalSection(SolutionConfigurationPlatforms) = preSolution
		Debug|Any CPU = Debug|Any CPU
		Release|Any CPU = Release|Any CPU
	EndGlobalSection
	GlobalSection(ProjectConfigurationPlatforms) = postSolution
		{6031C1EF-E474-4DE7-A06C-0FD5AF9BB9FE}.Debug|Any CPU.ActiveCfg = Debug|Any CPU
		{6031C1EF-E474-4DE7-A06C-0FD5AF9BB9FE}.Debug|Any CPU.Build.0 = Debug|Any CPU
		{6031C1EF-E474-4DE7-A06C-0FD5AF9BB9FE}.Release|Any CPU.ActiveCfg = Release|Any CPU
		{6031C1EF-E474-4DE7-A06C-0FD5AF9BB9FE}.Release|Any CPU.Build.0 = Release|Any CPU
	EndGlobalSection
	GlobalSection(SolutionProperties) = preSolution
		HideSolutionNode = FALSE
	EndGlobalSection
	GlobalSection(ExtensibilityGlobals) = postSolution
		SolutionGuid = {2DF7F985-49C2-45E8-89A1-C88B8A6F3F66}
	EndGlobalSection
EndGlobal
